# THIS IS AN AUTOGENERATED FILE. DO NOT EDIT THIS FILE DIRECTLY.
# yarn lockfile v1


"@squoosh/lib@^0.4.0":
  "integrity" "sha512-O1LyugWLZjMI4JZeZMA5vzfhfPjfMZXH5/HmVkRagP8B70wH3uoR7tjxfGNdSavey357MwL8YJDxbGwBBdHp7Q=="
  "resolved" "https://registry.npmjs.org/@squoosh/lib/-/lib-0.4.0.tgz"
  "version" "0.4.0"
  dependencies:
    "wasm-feature-detect" "^1.2.11"
    "web-streams-polyfill" "^3.0.3"

"@tootallnate/once@1":
  "integrity" "sha512-RbzJvlNzmRq5c3O09UipeuXno4tA1FE6ikOjxZK0tuxVv3412l64l5t1W5pj4+rJq9vpkm/kwiR07aZXnsKPxw=="
  "resolved" "https://registry.npmjs.org/@tootallnate/once/-/once-1.1.2.tgz"
  "version" "1.1.2"

"@types/html-minifier-terser@^6.0.0":
  "integrity" "sha512-oh/6byDPnL1zeNXFrDXFLyZjkr1MsBG667IM792caf1L2UPOOMf65NFzjUH/ltyfwjAGfs1rsX1eftK0jC/KIg=="
  "resolved" "https://registry.npmjs.org/@types/html-minifier-terser/-/html-minifier-terser-6.1.0.tgz"
  "version" "6.1.0"

"abab@^2.0.3", "abab@^2.0.5":
  "integrity" "sha512-9IK9EadsbHo6jLWIpxpR6pL0sazTXV6+SQv25ZB+F7Bj9mJNaOc4nCRabwd5M/JwmUa8idz6Eci6eKfJryPs6Q=="
  "resolved" "https://registry.npmjs.org/abab/-/abab-2.0.5.tgz"
  "version" "2.0.5"

"acorn-globals@^6.0.0":
  "integrity" "sha512-ZQl7LOWaF5ePqqcX4hLuv/bLXYQNfNWw2c0/yX/TsPRKamzHcTGQnlCjHT3TsmkOUVEPS3crCxiPfdzE/Trlhg=="
  "resolved" "https://registry.npmjs.org/acorn-globals/-/acorn-globals-6.0.0.tgz"
  "version" "6.0.0"
  dependencies:
    "acorn" "^7.1.1"
    "acorn-walk" "^7.1.1"

"acorn-walk@^7.1.1":
  "integrity" "sha512-OPdCF6GsMIP+Az+aWfAAOEt2/+iVDKE7oy6lJ098aoe59oAmK76qV6Gw60SbZ8jHuG2wH058GF4pLFbYamYrVA=="
  "resolved" "https://registry.npmjs.org/acorn-walk/-/acorn-walk-7.2.0.tgz"
  "version" "7.2.0"

"acorn@^7.1.1":
  "integrity" "sha512-nQyp0o1/mNdbTO1PO6kHkwSrmgZ0MT/jCCpNiwbUjGoRN4dlBhqJtoQuCnEOKzgTVwg0ZWiCoQy6SxMebQVh8A=="
  "resolved" "https://registry.npmjs.org/acorn/-/acorn-7.4.1.tgz"
  "version" "7.4.1"

"acorn@^8.4.1", "acorn@^8.5.0":
  "integrity" "sha512-U1riIR+lBSNi3IbxtaHOIKdH8sLFv3NYfNv8sg7ZsNhcfl4HF2++BfqqrNAxoCLQW1iiylOj76ecnaUxz+z9yw=="
  "resolved" "https://registry.npmjs.org/acorn/-/acorn-8.6.0.tgz"
  "version" "8.6.0"

"agent-base@6":
  "integrity" "sha512-RZNwNclF7+MS/8bDg70amg32dyeZGZxiDuQmZxKLAlQjr3jGyLx+4Kkk58UO7D2QdgFIQCovuSuZESne6RG6XQ=="
  "resolved" "https://registry.npmjs.org/agent-base/-/agent-base-6.0.2.tgz"
  "version" "6.0.2"
  dependencies:
    "debug" "4"

"ansi-regex@^5.0.1":
  "integrity" "sha512-quJQXlTSUGL2LH9SUXo8VwsY4soanhgo6LNSm84E1LBcE8s3O0wpdiRzyR9z/ZZJMlMWv37qOOb9pdJlMUEKFQ=="
  "resolved" "https://registry.npmjs.org/ansi-regex/-/ansi-regex-5.0.1.tgz"
  "version" "5.0.1"

"asynckit@^0.4.0":
  "integrity" "sha1-x57Zf380y48robyXkLzDZkdLS3k="
  "resolved" "https://registry.npmjs.org/asynckit/-/asynckit-0.4.0.tgz"
  "version" "0.4.0"

"boolbase@^1.0.0":
  "integrity" "sha1-aN/1++YMUes3cl6p4+0xDcwed24="
  "resolved" "https://registry.npmjs.org/boolbase/-/boolbase-1.0.0.tgz"
  "version" "1.0.0"

"browser-process-hrtime@^1.0.0":
  "integrity" "sha512-9o5UecI3GhkpM6DrXr69PblIuWxPKk9Y0jHBRhdocZ2y7YECBFCsHm79Pr3OyR2AvjhDkabFJaDJMYRazHgsow=="
  "resolved" "https://registry.npmjs.org/browser-process-hrtime/-/browser-process-hrtime-1.0.0.tgz"
  "version" "1.0.0"

"buffer-from@^1.0.0":
  "integrity" "sha512-E+XQCRwSbaaiChtv6k6Dwgc+bx+Bs6vuKJHHl5kox/BaKbhiXzqQOwK4cO22yElGp2OCmjwVhT3HmxgyPGnJfQ=="
  "resolved" "https://registry.npmjs.org/buffer-from/-/buffer-from-1.1.2.tgz"
  "version" "1.1.2"

"camel-case@^4.1.2":
  "integrity" "sha512-gxGWBrTT1JuMx6R+o5PTXMmUnhnVzLQ9SNutD4YqKtI6ap897t3tKECYla6gCWEkplXnlNybEkZg9GEGxKFCgw=="
  "resolved" "https://registry.npmjs.org/camel-case/-/camel-case-4.1.2.tgz"
  "version" "4.1.2"
  dependencies:
    "pascal-case" "^3.1.2"
    "tslib" "^2.0.3"

"clean-css@^5.2.2":
  "integrity" "sha512-/eR8ru5zyxKzpBLv9YZvMXgTSSQn7AdkMItMYynsFgGwTveCRVam9IUPFloE85B4vAIj05IuKmmEoV7/AQjT0w=="
  "resolved" "https://registry.npmjs.org/clean-css/-/clean-css-5.2.2.tgz"
  "version" "5.2.2"
  dependencies:
    "source-map" "~0.6.0"

"combined-stream@^1.0.8":
  "integrity" "sha512-FQN4MRfuJeHf7cBbBMJFXhKSDq+2kAArBlmRBvcvFE5BB1HZKXtSFASDhdlz9zOYwxh8lDdnvmMOe/+5cdoEdg=="
  "resolved" "https://registry.npmjs.org/combined-stream/-/combined-stream-1.0.8.tgz"
  "version" "1.0.8"
  dependencies:
    "delayed-stream" "~1.0.0"

"commander@^2.20.0":
  "integrity" "sha512-GpVkmM8vF2vQUkj2LvZmD35JxeJOLCwJ9cUkugyk2nuhbv3+mJvpLYYt+0+USMxE+oj+ey/lJEnhZw75x/OMcQ=="
  "resolved" "https://registry.npmjs.org/commander/-/commander-2.20.3.tgz"
  "version" "2.20.3"

"commander@^8.3.0":
  "integrity" "sha512-OkTL9umf+He2DZkUq8f8J9of7yL6RJKI24dVITBmNfZBmri9zYZQrKkuXiKhyfPSu8tUhnVBB1iKXevvnlR4Ww=="
  "resolved" "https://registry.npmjs.org/commander/-/commander-8.3.0.tgz"
  "version" "8.3.0"

"css-select@^4.1.3":
  "integrity" "sha512-gT3wBNd9Nj49rAbmtFHj1cljIAOLYSX1nZ8CB7TBO3INYckygm5B7LISU/szY//YmdiSLbJvDLOx9VnMVpMBxA=="
  "resolved" "https://registry.npmjs.org/css-select/-/css-select-4.1.3.tgz"
  "version" "4.1.3"
  dependencies:
    "boolbase" "^1.0.0"
    "css-what" "^5.0.0"
    "domhandler" "^4.2.0"
    "domutils" "^2.6.0"
    "nth-check" "^2.0.0"

"css-what@^5.0.0":
  "integrity" "sha512-arSMRWIIFY0hV8pIxZMEfmMI47Wj3R/aWpZDDxWYCPEiOMv6tfOrnpDtgxBYPEQD4V0Y/958+1TdC3iWTFcUPw=="
  "resolved" "https://registry.npmjs.org/css-what/-/css-what-5.1.0.tgz"
  "version" "5.1.0"

"cssom@^0.5.0":
  "integrity" "sha512-iKuQcq+NdHqlAcwUY0o/HL69XQrUaQdMjmStJ8JFmUaiiQErlhrmuigkg/CU4E2J0IyUKUrMAgl36TvN67MqTw=="
  "resolved" "https://registry.npmjs.org/cssom/-/cssom-0.5.0.tgz"
  "version" "0.5.0"

"cssom@~0.3.6":
  "integrity" "sha512-b0tGHbfegbhPJpxpiBPU2sCkigAqtM9O121le6bbOlgyV+NyGyCmVfJ6QW9eRjz8CpNfWEOYBIMIGRYkLwsIYg=="
  "resolved" "https://registry.npmjs.org/cssom/-/cssom-0.3.8.tgz"
  "version" "0.3.8"

"cssstyle@^2.3.0":
  "integrity" "sha512-AZL67abkUzIuvcHqk7c09cezpGNcxUxU4Ioi/05xHk4DQeTkWmGYftIE6ctU6AEt+Gn4n1lDStOtj7FKycP71A=="
  "resolved" "https://registry.npmjs.org/cssstyle/-/cssstyle-2.3.0.tgz"
  "version" "2.3.0"
  dependencies:
    "cssom" "~0.3.6"

"data-urls@^3.0.0":
  "integrity" "sha512-Ds554NeT5Gennfoo9KN50Vh6tpgtvYEwraYjejXnyTpu1C7oXKxdFk75REooENHE8ndTVOJuv+BEs4/J/xcozw=="
  "resolved" "https://registry.npmjs.org/data-urls/-/data-urls-3.0.1.tgz"
  "version" "3.0.1"
  dependencies:
    "abab" "^2.0.3"
    "whatwg-mimetype" "^3.0.0"
    "whatwg-url" "^10.0.0"

"debug@4":
  "integrity" "sha512-/zxw5+vh1Tfv+4Qn7a5nsbcJKPaSvCDhojn6FEl9vupwK2VCSDtEiEtqr8DFtzYFOdz63LBkxec7DYuc2jon6Q=="
  "resolved" "https://registry.npmjs.org/debug/-/debug-4.3.3.tgz"
  "version" "4.3.3"
  dependencies:
    "ms" "2.1.2"

"decimal.js@^10.3.1":
  "integrity" "sha512-V0pfhfr8suzyPGOx3nmq4aHqabehUZn6Ch9kyFpV79TGDTWFmHqUqXdabR7QHqxzrYolF4+tVmJhUG4OURg5dQ=="
  "resolved" "https://registry.npmjs.org/decimal.js/-/decimal.js-10.3.1.tgz"
  "version" "10.3.1"

"deep-is@~0.1.3":
  "integrity" "sha512-oIPzksmTg4/MriiaYGO+okXDT7ztn/w3Eptv/+gSIdMdKsJo0u4CfYNFJPy+4SKMuCqGw2wxnA+URMg3t8a/bQ=="
  "resolved" "https://registry.npmjs.org/deep-is/-/deep-is-0.1.4.tgz"
  "version" "0.1.4"

"delayed-stream@~1.0.0":
  "integrity" "sha1-3zrhmayt+31ECqrgsp4icrJOxhk="
  "resolved" "https://registry.npmjs.org/delayed-stream/-/delayed-stream-1.0.0.tgz"
  "version" "1.0.0"

"dom-converter@^0.2.0":
  "integrity" "sha512-gd3ypIPfOMr9h5jIKq8E3sHOTCjeirnl0WK5ZdS1AW0Odt0b1PaWaHdJ4Qk4klv+YB9aJBS7mESXjFoDQPu6DA=="
  "resolved" "https://registry.npmjs.org/dom-converter/-/dom-converter-0.2.0.tgz"
  "version" "0.2.0"
  dependencies:
    "utila" "~0.4"

"dom-serializer@^1.0.1":
  "integrity" "sha512-5c54Bk5Dw4qAxNOI1pFEizPSjVsx5+bpJKmL2kPn8JhBUq2q09tTCa3mjijun2NfK78NMouDYNMBkOrPZiS+ig=="
  "resolved" "https://registry.npmjs.org/dom-serializer/-/dom-serializer-1.3.2.tgz"
  "version" "1.3.2"
  dependencies:
    "domelementtype" "^2.0.1"
    "domhandler" "^4.2.0"
    "entities" "^2.0.0"

"domelementtype@^2.0.1", "domelementtype@^2.2.0":
  "integrity" "sha512-DtBMo82pv1dFtUmHyr48beiuq792Sxohr+8Hm9zoxklYPfa6n0Z3Byjj2IV7bmr2IyqClnqEQhfgHJJ5QF0R5A=="
  "resolved" "https://registry.npmjs.org/domelementtype/-/domelementtype-2.2.0.tgz"
  "version" "2.2.0"

"domexception@^2.0.1":
  "integrity" "sha512-yxJ2mFy/sibVQlu5qHjOkf9J3K6zgmCxgJ94u2EdvDOV09H+32LtRswEcUsmUWN72pVLOEnTSRaIVVzVQgS0dg=="
  "resolved" "https://registry.npmjs.org/domexception/-/domexception-2.0.1.tgz"
  "version" "2.0.1"
  dependencies:
    "webidl-conversions" "^5.0.0"

"domhandler@^4.0.0", "domhandler@^4.2.0":
  "integrity" "sha512-fC0aXNQXqKSFTr2wDNZDhsEYjCiYsDWl3D01kwt25hm1YIPyDGHvvi3rw+PLqHAl/m71MaiF7d5zvBr0p5UB2g=="
  "resolved" "https://registry.npmjs.org/domhandler/-/domhandler-4.3.0.tgz"
  "version" "4.3.0"
  dependencies:
    "domelementtype" "^2.2.0"

"domutils@^2.5.2", "domutils@^2.6.0":
  "integrity" "sha512-w96Cjofp72M5IIhpjgobBimYEfoPjx1Vx0BSX9P30WBdZW2WIKU0T1Bd0kz2eNZ9ikjKgHbEyKx8BB6H1L3h3A=="
  "resolved" "https://registry.npmjs.org/domutils/-/domutils-2.8.0.tgz"
  "version" "2.8.0"
  dependencies:
    "dom-serializer" "^1.0.1"
    "domelementtype" "^2.2.0"
    "domhandler" "^4.2.0"

"dot-case@^3.0.4":
  "integrity" "sha512-Kv5nKlh6yRrdrGvxeJ2e5y2eRUpkUosIW4A2AS38zwSz27zu7ufDwQPi5Jhs3XAlGNetl3bmnGhQsMtkKJnj3w=="
  "resolved" "https://registry.npmjs.org/dot-case/-/dot-case-3.0.4.tgz"
  "version" "3.0.4"
  dependencies:
    "no-case" "^3.0.4"
    "tslib" "^2.0.3"

"entities@^2.0.0":
  "integrity" "sha512-p92if5Nz619I0w+akJrLZH0MX0Pb5DX39XOwQTtXSdQQOaYH03S1uIQp4mhOZtAXrxq4ViO67YTiLBo2638o9A=="
  "resolved" "https://registry.npmjs.org/entities/-/entities-2.2.0.tgz"
  "version" "2.2.0"

"escodegen@^2.0.0":
  "integrity" "sha512-mmHKys/C8BFUGI+MAWNcSYoORYLMdPzjrknd2Vc+bUsjN5bXcr8EhrNB+UTqfL1y3I9c4fw2ihgtMPQLBRiQxw=="
  "resolved" "https://registry.npmjs.org/escodegen/-/escodegen-2.0.0.tgz"
  "version" "2.0.0"
  dependencies:
    "esprima" "^4.0.1"
    "estraverse" "^5.2.0"
    "esutils" "^2.0.2"
    "optionator" "^0.8.1"
  optionalDependencies:
    "source-map" "~0.6.1"

"esprima@^4.0.1":
  "integrity" "sha512-eGuFFw7Upda+g4p+QHvnW0RyTX/SVeJBDM/gCtMARO0cLuT2HcEKnTPvhjV6aGeqrCB/sbNop0Kszm0jsaWU4A=="
  "resolved" "https://registry.npmjs.org/esprima/-/esprima-4.0.1.tgz"
  "version" "4.0.1"

"estraverse@^5.2.0":
  "integrity" "sha512-MMdARuVEQziNTeJD8DgMqmhwR11BRQ/cBP+pLtYdSTnf3MIO8fFeiINEbX36ZdNlfU/7A9f3gUw49B3oQsvwBA=="
  "resolved" "https://registry.npmjs.org/estraverse/-/estraverse-5.3.0.tgz"
  "version" "5.3.0"

"esutils@^2.0.2":
  "integrity" "sha512-kVscqXk4OCp68SZ0dkgEKVi6/8ij300KBWTJq32P/dYeWTSwK41WyTxalN1eRmA5Z9UU/LX9D7FWSmV9SAYx6g=="
  "resolved" "https://registry.npmjs.org/esutils/-/esutils-2.0.3.tgz"
  "version" "2.0.3"

"fast-levenshtein@~2.0.6":
  "integrity" "sha1-PYpcZog6FqMMqGQ+hR8Zuqd5eRc="
  "resolved" "https://registry.npmjs.org/fast-levenshtein/-/fast-levenshtein-2.0.6.tgz"
  "version" "2.0.6"

"form-data@^4.0.0":
  "integrity" "sha512-ETEklSGi5t0QMZuiXoA/Q6vcnxcLQP5vdugSpuAyi6SVGi2clPPp+xgEhuMaHC+zGgn31Kd235W35f7Hykkaww=="
  "resolved" "https://registry.npmjs.org/form-data/-/form-data-4.0.0.tgz"
  "version" "4.0.0"
  dependencies:
    "asynckit" "^0.4.0"
    "combined-stream" "^1.0.8"
    "mime-types" "^2.1.12"

"he@^1.2.0":
  "integrity" "sha512-F/1DnUGPopORZi0ni+CvrCgHQ5FyEAHRLSApuYWMmrbSwoN2Mn/7k+Gl38gJnR7yyDZk6WLXwiGod1JOWNDKGw=="
  "resolved" "https://registry.npmjs.org/he/-/he-1.2.0.tgz"
  "version" "1.2.0"

"html-encoding-sniffer@^2.0.1":
  "integrity" "sha512-D5JbOMBIR/TVZkubHT+OyT2705QvogUW4IBn6nHd756OwieSF9aDYFj4dv6HHEVGYbHaLETa3WggZYWWMyy3ZQ=="
  "resolved" "https://registry.npmjs.org/html-encoding-sniffer/-/html-encoding-sniffer-2.0.1.tgz"
  "version" "2.0.1"
  dependencies:
    "whatwg-encoding" "^1.0.5"

"html-minifier-terser@^6.0.2":
  "integrity" "sha512-YXxSlJBZTP7RS3tWnQw74ooKa6L9b9i9QYXY21eUEvhZ3u9XLfv6OnFsQq6RxkhHygsaUMvYsZRV5rU/OVNZxw=="
  "resolved" "https://registry.npmjs.org/html-minifier-terser/-/html-minifier-terser-6.1.0.tgz"
  "version" "6.1.0"
  dependencies:
    "camel-case" "^4.1.2"
    "clean-css" "^5.2.2"
    "commander" "^8.3.0"
    "he" "^1.2.0"
    "param-case" "^3.0.4"
    "relateurl" "^0.2.7"
    "terser" "^5.10.0"

"html-webpack-plugin@^5.3.2":
  "integrity" "sha512-sy88PC2cRTVxvETRgUHFrL4No3UxvcH8G1NepGhqaTT+GXN2kTamqasot0inS5hXeg1cMbFDt27zzo9p35lZVw=="
  "resolved" "https://registry.npmjs.org/html-webpack-plugin/-/html-webpack-plugin-5.5.0.tgz"
  "version" "5.5.0"
  dependencies:
    "@types/html-minifier-terser" "^6.0.0"
    "html-minifier-terser" "^6.0.2"
    "lodash" "^4.17.21"
    "pretty-error" "^4.0.0"
    "tapable" "^2.0.0"

"htmlparser2@^6.1.0":
  "integrity" "sha512-gyyPk6rgonLFEDGoeRgQNaEUvdJ4ktTmmUh/h2t7s+M8oPpIPxgNACWa+6ESR57kXstwqPiCut0V8NRpcwgU7A=="
  "resolved" "https://registry.npmjs.org/htmlparser2/-/htmlparser2-6.1.0.tgz"
  "version" "6.1.0"
  dependencies:
    "domelementtype" "^2.0.1"
    "domhandler" "^4.0.0"
    "domutils" "^2.5.2"
    "entities" "^2.0.0"

"http-proxy-agent@^4.0.1":
  "integrity" "sha512-k0zdNgqWTGA6aeIRVpvfVob4fL52dTfaehylg0Y4UvSySvOq/Y+BOyPrgpUrA7HylqvU8vIZGsRuXmspskV0Tg=="
  "resolved" "https://registry.npmjs.org/http-proxy-agent/-/http-proxy-agent-4.0.1.tgz"
  "version" "4.0.1"
  dependencies:
    "@tootallnate/once" "1"
    "agent-base" "6"
    "debug" "4"

"https-proxy-agent@^5.0.0":
  "integrity" "sha512-EkYm5BcKUGiduxzSt3Eppko+PiNWNEpa4ySk9vTC6wDsQJW9rHSa+UhGNJoRYp7bz6Ht1eaRIa6QaJqO5rCFbA=="
  "resolved" "https://registry.npmjs.org/https-proxy-agent/-/https-proxy-agent-5.0.0.tgz"
  "version" "5.0.0"
  dependencies:
    "agent-base" "6"
    "debug" "4"

"iconv-lite@0.4.24":
  "integrity" "sha512-v3MXnZAcvnywkTUEZomIActle7RXXeedOR31wwl7VlyoXO4Qi9arvSenNQWne1TcRwhCL1HwLI21bEqdpj8/rA=="
  "resolved" "https://registry.npmjs.org/iconv-lite/-/iconv-lite-0.4.24.tgz"
  "version" "0.4.24"
  dependencies:
    "safer-buffer" ">= 2.1.2 < 3"

"is-potential-custom-element-name@^1.0.1":
  "integrity" "sha512-bCYeRA2rVibKZd+s2625gGnGF/t7DSqDs4dP7CrLA1m7jKWz6pps0LpYLJN8Q64HtmPKJ1hrN3nzPNKFEKOUiQ=="
  "resolved" "https://registry.npmjs.org/is-potential-custom-element-name/-/is-potential-custom-element-name-1.0.1.tgz"
  "version" "1.0.1"

"jsdom@^17.0.0":
  "integrity" "sha512-MUq4XdqwtNurZDVeKScENMPHnkgmdIvMzZ1r1NSwHkDuaqI6BouPjr+17COo4/19oLNnmdpFDPOHVpgIZmZ+VA=="
  "resolved" "https://registry.npmjs.org/jsdom/-/jsdom-17.0.0.tgz"
  "version" "17.0.0"
  dependencies:
    "abab" "^2.0.5"
    "acorn" "^8.4.1"
    "acorn-globals" "^6.0.0"
    "cssom" "^0.5.0"
    "cssstyle" "^2.3.0"
    "data-urls" "^3.0.0"
    "decimal.js" "^10.3.1"
    "domexception" "^2.0.1"
    "escodegen" "^2.0.0"
    "form-data" "^4.0.0"
    "html-encoding-sniffer" "^2.0.1"
    "http-proxy-agent" "^4.0.1"
    "https-proxy-agent" "^5.0.0"
    "is-potential-custom-element-name" "^1.0.1"
    "nwsapi" "^2.2.0"
    "parse5" "6.0.1"
    "saxes" "^5.0.1"
    "symbol-tree" "^3.2.4"
    "tough-cookie" "^4.0.0"
    "w3c-hr-time" "^1.0.2"
    "w3c-xmlserializer" "^2.0.0"
    "webidl-conversions" "^6.1.0"
    "whatwg-encoding" "^1.0.5"
    "whatwg-mimetype" "^2.3.0"
    "whatwg-url" "^9.0.0"
    "ws" "^8.0.0"
    "xml-name-validator" "^3.0.0"

"levn@~0.3.0":
  "integrity" "sha1-OwmSTt+fCDwEkP3UwLxEIeBHZO4="
  "resolved" "https://registry.npmjs.org/levn/-/levn-0.3.0.tgz"
  "version" "0.3.0"
  dependencies:
    "prelude-ls" "~1.1.2"
    "type-check" "~0.3.2"

"lodash@^4.17.20", "lodash@^4.17.21":
  "integrity" "sha512-v2kDEe57lecTulaDIuNTPy3Ry4gLGJ6Z1O3vE1krgXZNrsQ+LFTGHVxVjcXPs17LhbZVGedAJv8XZ1tvj5FvSg=="
  "resolved" "https://registry.npmjs.org/lodash/-/lodash-4.17.21.tgz"
  "version" "4.17.21"

"lower-case@^2.0.2":
  "integrity" "sha512-7fm3l3NAF9WfN6W3JOmf5drwpVqX78JtoGJ3A6W0a6ZnldM41w2fV5D490psKFTpMds8TJse/eHLFFsNHHjHgg=="
  "resolved" "https://registry.npmjs.org/lower-case/-/lower-case-2.0.2.tgz"
  "version" "2.0.2"
  dependencies:
    "tslib" "^2.0.3"

"mime-db@1.51.0":
  "integrity" "sha512-5y8A56jg7XVQx2mbv1lu49NR4dokRnhZYTtL+KGfaa27uq4pSTXkwQkFJl4pkRMyNFz/EtYDSkiiEHx3F7UN6g=="
  "resolved" "https://registry.npmjs.org/mime-db/-/mime-db-1.51.0.tgz"
  "version" "1.51.0"

"mime-types@^2.1.12":
  "integrity" "sha512-6cP692WwGIs9XXdOO4++N+7qjqv0rqxxVvJ3VHPh/Sc9mVZcQP+ZGhkKiTvWMQRr2tbHkJP/Yn7Y0npb3ZBs4A=="
  "resolved" "https://registry.npmjs.org/mime-types/-/mime-types-2.1.34.tgz"
  "version" "2.1.34"
  dependencies:
    "mime-db" "1.51.0"

"ms@2.1.2":
  "integrity" "sha512-sGkPx+VjMtmA6MX27oA4FBFELFCZZ4S4XqeGOXCv68tT+jb3vk/RyaKWP0PTKyWtmLSM0b+adUTEvbs1PEaH2w=="
  "resolved" "https://registry.npmjs.org/ms/-/ms-2.1.2.tgz"
  "version" "2.1.2"

"next-gen-images-webpack-plugin@^1.1.0":
  "integrity" "sha512-2GsCX68h8JYsonS/rwdSm2Th4kIMqnui84VRpryf4ZVWgAwFc5Ls1vjCajiPRS9lvgq/oNMuts84l98Q2GGb2w=="
  "resolved" "https://registry.npmjs.org/next-gen-images-webpack-plugin/-/next-gen-images-webpack-plugin-1.1.0.tgz"
  "version" "1.1.0"
  dependencies:
    "@squoosh/lib" "^0.4.0"
    "html-webpack-plugin" "^5.3.2"
    "jsdom" "^17.0.0"

"no-case@^3.0.4":
  "integrity" "sha512-fgAN3jGAh+RoxUGZHTSOLJIqUc2wmoBwGR4tbpNAKmmovFoWq0OdRkb0VkldReO2a2iBT/OEulG9XSUc10r3zg=="
  "resolved" "https://registry.npmjs.org/no-case/-/no-case-3.0.4.tgz"
  "version" "3.0.4"
  dependencies:
    "lower-case" "^2.0.2"
    "tslib" "^2.0.3"

"nth-check@^2.0.0":
  "integrity" "sha512-it1vE95zF6dTT9lBsYbxvqh0Soy4SPowchj0UBGj/V6cTPnXXtQOPUbhZ6CmGzAD/rW22LQK6E96pcdJXk4A4w=="
  "resolved" "https://registry.npmjs.org/nth-check/-/nth-check-2.0.1.tgz"
  "version" "2.0.1"
  dependencies:
    "boolbase" "^1.0.0"

"nwsapi@^2.2.0":
  "integrity" "sha512-h2AatdwYH+JHiZpv7pt/gSX1XoRGb7L/qSIeuqA6GwYoF9w1vP1cw42TO0aI2pNyshRK5893hNSl+1//vHK7hQ=="
  "resolved" "https://registry.npmjs.org/nwsapi/-/nwsapi-2.2.0.tgz"
  "version" "2.2.0"

"optionator@^0.8.1":
  "integrity" "sha512-+IW9pACdk3XWmmTXG8m3upGUJst5XRGzxMRjXzAuJ1XnIFNvfhjjIuYkDvysnPQ7qzqVzLt78BCruntqRhWQbA=="
  "resolved" "https://registry.npmjs.org/optionator/-/optionator-0.8.3.tgz"
  "version" "0.8.3"
  dependencies:
    "deep-is" "~0.1.3"
    "fast-levenshtein" "~2.0.6"
    "levn" "~0.3.0"
    "prelude-ls" "~1.1.2"
    "type-check" "~0.3.2"
    "word-wrap" "~1.2.3"

"param-case@^3.0.4":
  "integrity" "sha512-RXlj7zCYokReqWpOPH9oYivUzLYZ5vAPIfEmCTNViosC78F8F0H9y7T7gG2M39ymgutxF5gcFEsyZQSph9Bp3A=="
  "resolved" "https://registry.npmjs.org/param-case/-/param-case-3.0.4.tgz"
  "version" "3.0.4"
  dependencies:
    "dot-case" "^3.0.4"
    "tslib" "^2.0.3"

"parse5@6.0.1":
  "integrity" "sha512-Ofn/CTFzRGTTxwpNEs9PP93gXShHcTq255nzRYSKe8AkVpZY7e1fpmTfOyoIvjP5HG7Z2ZM7VS9PPhQGW2pOpw=="
  "resolved" "https://registry.npmjs.org/parse5/-/parse5-6.0.1.tgz"
  "version" "6.0.1"

"pascal-case@^3.1.2":
  "integrity" "sha512-uWlGT3YSnK9x3BQJaOdcZwrnV6hPpd8jFH1/ucpiLRPh/2zCVJKS19E4GvYHvaCcACn3foXZ0cLB9Wrx1KGe5g=="
  "resolved" "https://registry.npmjs.org/pascal-case/-/pascal-case-3.1.2.tgz"
  "version" "3.1.2"
  dependencies:
    "no-case" "^3.0.4"
    "tslib" "^2.0.3"

"prelude-ls@~1.1.2":
  "integrity" "sha1-IZMqVJ9eUv/ZqCf1cOBL5iqX2lQ="
  "resolved" "https://registry.npmjs.org/prelude-ls/-/prelude-ls-1.1.2.tgz"
  "version" "1.1.2"

"pretty-error@^4.0.0":
  "integrity" "sha512-AoJ5YMAcXKYxKhuJGdcvse+Voc6v1RgnsR3nWcYU7q4t6z0Q6T86sv5Zq8VIRbOWWFpvdGE83LtdSMNd+6Y0xw=="
  "resolved" "https://registry.npmjs.org/pretty-error/-/pretty-error-4.0.0.tgz"
  "version" "4.0.0"
  dependencies:
    "lodash" "^4.17.20"
    "renderkid" "^3.0.0"

"psl@^1.1.33":
  "integrity" "sha512-RIdOzyoavK+hA18OGGWDqUTsCLhtA7IcZ/6NCs4fFJaHBDab+pDDmDIByWFRQJq2Cd7r1OoQxBGKOaztq+hjIQ=="
  "resolved" "https://registry.npmjs.org/psl/-/psl-1.8.0.tgz"
  "version" "1.8.0"

"punycode@^2.1.1":
  "integrity" "sha512-XRsRjdf+j5ml+y/6GKHPZbrF/8p2Yga0JPtdqTIY2Xe5ohJPD9saDJJLPvp9+NSBprVvevdXZybnj2cv8OEd0A=="
  "resolved" "https://registry.npmjs.org/punycode/-/punycode-2.1.1.tgz"
  "version" "2.1.1"

"relateurl@^0.2.7":
  "integrity" "sha1-VNvzd+UUQKypCkzSdGANP/LYiKk="
  "resolved" "https://registry.npmjs.org/relateurl/-/relateurl-0.2.7.tgz"
  "version" "0.2.7"

"renderkid@^3.0.0":
  "integrity" "sha512-q/7VIQA8lmM1hF+jn+sFSPWGlMkSAeNYcPLmDQx2zzuiDfaLrOmumR8iaUKlenFgh0XRPIUeSPlH3A+AW3Z5pg=="
  "resolved" "https://registry.npmjs.org/renderkid/-/renderkid-3.0.0.tgz"
  "version" "3.0.0"
  dependencies:
    "css-select" "^4.1.3"
    "dom-converter" "^0.2.0"
    "htmlparser2" "^6.1.0"
    "lodash" "^4.17.21"
    "strip-ansi" "^6.0.1"

"safer-buffer@>= 2.1.2 < 3":
  "integrity" "sha512-YZo3K82SD7Riyi0E1EQPojLz7kpepnSQI9IyPbHHg1XXXevb5dJI7tpyN2ADxGcQbHG7vcyRHk0cbwqcQriUtg=="
  "resolved" "https://registry.npmjs.org/safer-buffer/-/safer-buffer-2.1.2.tgz"
  "version" "2.1.2"

"saxes@^5.0.1":
  "integrity" "sha512-5LBh1Tls8c9xgGjw3QrMwETmTMVk0oFgvrFSvWx62llR2hcEInrKNZ2GZCCuuy2lvWrdl5jhbpeqc5hRYKFOcw=="
  "resolved" "https://registry.npmjs.org/saxes/-/saxes-5.0.1.tgz"
  "version" "5.0.1"
  dependencies:
    "xmlchars" "^2.2.0"

"source-map-support@~0.5.20":
  "integrity" "sha512-uBHU3L3czsIyYXKX88fdrGovxdSCoTGDRZ6SYXtSRxLZUzHg5P/66Ht6uoUlHu9EZod+inXhKo3qQgwXUT/y1w=="
  "resolved" "https://registry.npmjs.org/source-map-support/-/source-map-support-0.5.21.tgz"
  "version" "0.5.21"
  dependencies:
    "buffer-from" "^1.0.0"
    "source-map" "^0.6.0"

"source-map@^0.6.0", "source-map@~0.6.0", "source-map@~0.6.1":
  "integrity" "sha512-UjgapumWlbMhkBgzT7Ykc5YXUT46F0iKu8SGXq0bcwP5dz/h0Plj6enJqjz1Zbq2l5WaqYnrVbwWOWMyF3F47g=="
  "resolved" "https://registry.npmjs.org/source-map/-/source-map-0.6.1.tgz"
  "version" "0.6.1"

"source-map@~0.7.2":
  "integrity" "sha512-CkCj6giN3S+n9qrYiBTX5gystlENnRW5jZeNLHpe6aue+SrHcG5VYwujhW9s4dY31mEGsxBDrHR6oI69fTXsaQ=="
  "resolved" "https://registry.npmjs.org/source-map/-/source-map-0.7.3.tgz"
  "version" "0.7.3"

"strip-ansi@^6.0.1":
  "integrity" "sha512-Y38VPSHcqkFrCpFnQ9vuSXmquuv5oXOKpGeT6aGrr3o3Gc9AlVa6JBfUSOCnbxGGZF+/0ooI7KrPuUSztUdU5A=="
  "resolved" "https://registry.npmjs.org/strip-ansi/-/strip-ansi-6.0.1.tgz"
  "version" "6.0.1"
  dependencies:
    "ansi-regex" "^5.0.1"

"symbol-tree@^3.2.4":
  "integrity" "sha512-9QNk5KwDF+Bvz+PyObkmSYjI5ksVUYtjW7AU22r2NKcfLJcXp96hkDWU3+XndOsUb+AQ9QhfzfCT2O+CNWT5Tw=="
  "resolved" "https://registry.npmjs.org/symbol-tree/-/symbol-tree-3.2.4.tgz"
  "version" "3.2.4"

"tapable@^2.0.0":
  "integrity" "sha512-GNzQvQTOIP6RyTfE2Qxb8ZVlNmw0n88vp1szwWRimP02mnTsx3Wtn5qRdqY9w2XduFNUgvOwhNnQsjwCp+kqaQ=="
  "resolved" "https://registry.npmjs.org/tapable/-/tapable-2.2.1.tgz"
  "version" "2.2.1"

"terser@^5.10.0":
  "integrity" "sha512-AMmF99DMfEDiRJfxfY5jj5wNH/bYO09cniSqhfoyxc8sFoYIgkJy86G04UoZU5VjlpnplVu0K6Tx6E9b5+DlHA=="
  "resolved" "https://registry.npmjs.org/terser/-/terser-5.10.0.tgz"
  "version" "5.10.0"
  dependencies:
    "commander" "^2.20.0"
    "source-map" "~0.7.2"
    "source-map-support" "~0.5.20"

"tough-cookie@^4.0.0":
  "integrity" "sha512-tHdtEpQCMrc1YLrMaqXXcj6AxhYi/xgit6mZu1+EDWUn+qhUf8wMQoFIy9NXuq23zAwtcB0t/MjACGR18pcRbg=="
  "resolved" "https://registry.npmjs.org/tough-cookie/-/tough-cookie-4.0.0.tgz"
  "version" "4.0.0"
  dependencies:
    "psl" "^1.1.33"
    "punycode" "^2.1.1"
    "universalify" "^0.1.2"

"tr46@^2.1.0":
  "integrity" "sha512-15Ih7phfcdP5YxqiB+iDtLoaTz4Nd35+IiAv0kQ5FNKHzXgdWqPoTIqEDDJmXceQt4JZk6lVPT8lnDlPpGDppw=="
  "resolved" "https://registry.npmjs.org/tr46/-/tr46-2.1.0.tgz"
  "version" "2.1.0"
  dependencies:
    "punycode" "^2.1.1"

"tr46@^3.0.0":
  "integrity" "sha512-l7FvfAHlcmulp8kr+flpQZmVwtu7nfRV7NZujtN0OqES8EL4O4e0qqzL0DC5gAvx/ZC/9lk6rhcUwYvkBnBnYA=="
  "resolved" "https://registry.npmjs.org/tr46/-/tr46-3.0.0.tgz"
  "version" "3.0.0"
  dependencies:
    "punycode" "^2.1.1"

"tslib@^2.0.3":
  "integrity" "sha512-77EbyPPpMz+FRFRuAFlWMtmgUWGe9UOG2Z25NqCwiIjRhOf5iKGuzSe5P2w1laq+FkRy4p+PCuVkJSGkzTEKVw=="
  "resolved" "https://registry.npmjs.org/tslib/-/tslib-2.3.1.tgz"
  "version" "2.3.1"

"type-check@~0.3.2":
  "integrity" "sha1-WITKtRLPHTVeP7eE8wgEsrUg23I="
  "resolved" "https://registry.npmjs.org/type-check/-/type-check-0.3.2.tgz"
  "version" "0.3.2"
  dependencies:
    "prelude-ls" "~1.1.2"

"universalify@^0.1.2":
  "integrity" "sha512-rBJeI5CXAlmy1pV+617WB9J63U6XcazHHF2f2dbJix4XzpUF0RS3Zbj0FGIOCAva5P/d/GBOYaACQ1w+0azUkg=="
  "resolved" "https://registry.npmjs.org/universalify/-/universalify-0.1.2.tgz"
  "version" "0.1.2"

"utila@~0.4":
  "integrity" "sha1-ihagXURWV6Oupe7MWxKk+lN5dyw="
  "resolved" "https://registry.npmjs.org/utila/-/utila-0.4.0.tgz"
  "version" "0.4.0"

"w3c-hr-time@^1.0.2":
  "integrity" "sha512-z8P5DvDNjKDoFIHK7q8r8lackT6l+jo/Ye3HOle7l9nICP9lf1Ci25fy9vHd0JOWewkIFzXIEig3TdKT7JQ5fQ=="
  "resolved" "https://registry.npmjs.org/w3c-hr-time/-/w3c-hr-time-1.0.2.tgz"
  "version" "1.0.2"
  dependencies:
    "browser-process-hrtime" "^1.0.0"

"w3c-xmlserializer@^2.0.0":
  "integrity" "sha512-4tzD0mF8iSiMiNs30BiLO3EpfGLZUT2MSX/G+o7ZywDzliWQ3OPtTZ0PTC3B3ca1UAf4cJMHB+2Bf56EriJuRA=="
  "resolved" "https://registry.npmjs.org/w3c-xmlserializer/-/w3c-xmlserializer-2.0.0.tgz"
  "version" "2.0.0"
  dependencies:
    "xml-name-validator" "^3.0.0"

"wasm-feature-detect@^1.2.11":
  "integrity" "sha512-HUqwaodrQGaZgz1lZaNioIkog9tkeEJjrM3eq4aUL04whXOVDRc/o2EGb/8kV0QX411iAYWEqq7fMBmJ6dKS6w=="
  "resolved" "https://registry.npmjs.org/wasm-feature-detect/-/wasm-feature-detect-1.2.11.tgz"
  "version" "1.2.11"

"web-streams-polyfill@^3.0.3":
  "integrity" "sha512-EqPmREeOzttaLRm5HS7io98goBgZ7IVz79aDvqjD0kYXLtFZTc0T/U6wHTPKyIjb+MdN7DFIIX6hgdBEpWmfPA=="
  "resolved" "https://registry.npmjs.org/web-streams-polyfill/-/web-streams-polyfill-3.2.0.tgz"
  "version" "3.2.0"

"webidl-conversions@^5.0.0":
  "integrity" "sha512-VlZwKPCkYKxQgeSbH5EyngOmRp7Ww7I9rQLERETtf5ofd9pGeswWiOtogpEO850jziPRarreGxn5QIiTqpb2wA=="
  "resolved" "https://registry.npmjs.org/webidl-conversions/-/webidl-conversions-5.0.0.tgz"
  "version" "5.0.0"

"webidl-conversions@^6.1.0":
  "integrity" "sha512-qBIvFLGiBpLjfwmYAaHPXsn+ho5xZnGvyGvsarywGNc8VyQJUMHJ8OBKGGrPER0okBeMDaan4mNBlgBROxuI8w=="
  "resolved" "https://registry.npmjs.org/webidl-conversions/-/webidl-conversions-6.1.0.tgz"
  "version" "6.1.0"

"webidl-conversions@^7.0.0":
  "integrity" "sha512-VwddBukDzu71offAQR975unBIGqfKZpM+8ZX6ySk8nYhVoo5CYaZyzt3YBvYtRtO+aoGlqxPg/B87NGVZ/fu6g=="
  "resolved" "https://registry.npmjs.org/webidl-conversions/-/webidl-conversions-7.0.0.tgz"
  "version" "7.0.0"

"whatwg-encoding@^1.0.5":
  "integrity" "sha512-b5lim54JOPN9HtzvK9HFXvBma/rnfFeqsic0hSpjtDbVxR3dJKLc+KB4V6GgiGOvl7CY/KNh8rxSo9DKQrnUEw=="
  "resolved" "https://registry.npmjs.org/whatwg-encoding/-/whatwg-encoding-1.0.5.tgz"
  "version" "1.0.5"
  dependencies:
    "iconv-lite" "0.4.24"

"whatwg-mimetype@^2.3.0":
  "integrity" "sha512-M4yMwr6mAnQz76TbJm914+gPpB/nCwvZbJU28cUD6dR004SAxDLOOSUaB1JDRqLtaOV/vi0IC5lEAGFgrjGv/g=="
  "resolved" "https://registry.npmjs.org/whatwg-mimetype/-/whatwg-mimetype-2.3.0.tgz"
  "version" "2.3.0"

"whatwg-mimetype@^3.0.0":
  "integrity" "sha512-nt+N2dzIutVRxARx1nghPKGv1xHikU7HKdfafKkLNLindmPU/ch3U31NOCGGA/dmPcmb1VlofO0vnKAcsm0o/Q=="
  "resolved" "https://registry.npmjs.org/whatwg-mimetype/-/whatwg-mimetype-3.0.0.tgz"
  "version" "3.0.0"

"whatwg-url@^10.0.0":
  "integrity" "sha512-CLxxCmdUby142H5FZzn4D8ikO1cmypvXVQktsgosNy4a4BHrDHeciBBGZhb0bNoR5/MltoCatso+vFjjGx8t0w=="
  "resolved" "https://registry.npmjs.org/whatwg-url/-/whatwg-url-10.0.0.tgz"
  "version" "10.0.0"
  dependencies:
    "tr46" "^3.0.0"
    "webidl-conversions" "^7.0.0"

"whatwg-url@^9.0.0":
  "integrity" "sha512-CQ0UcrPHyomtlOCot1TL77WyMIm/bCwrJ2D6AOKGwEczU9EpyoqAokfqrf/MioU9kHcMsmJZcg1egXix2KYEsA=="
  "resolved" "https://registry.npmjs.org/whatwg-url/-/whatwg-url-9.1.0.tgz"
  "version" "9.1.0"
  dependencies:
    "tr46" "^2.1.0"
    "webidl-conversions" "^6.1.0"

"word-wrap@~1.2.3":
  "integrity" "sha512-Hz/mrNwitNRh/HUAtM/VT/5VH+ygD6DV7mYKZAtHOrbs8U7lvPS6xf7EJKMF0uW1KJCl0H701g3ZGus+muE5vQ=="
  "resolved" "https://registry.npmjs.org/word-wrap/-/word-wrap-1.2.3.tgz"
  "version" "1.2.3"

"ws@^8.0.0":
  "integrity" "sha512-Gs5EZtpqZzLvmIM59w4igITU57lrtYVFneaa434VROv4thzJyV6UjIL3D42lslWlI+D4KzLYnxSwtfuiO79sNw=="
  "resolved" "https://registry.npmjs.org/ws/-/ws-8.3.0.tgz"
  "version" "8.3.0"

"xml-name-validator@^3.0.0":
  "integrity" "sha512-A5CUptxDsvxKJEU3yO6DuWBSJz/qizqzJKOMIfUJHETbBw/sFaDxgd6fxm1ewUaM0jZ444Fc5vC5ROYurg/4Pw=="
  "resolved" "https://registry.npmjs.org/xml-name-validator/-/xml-name-validator-3.0.0.tgz"
  "version" "3.0.0"

"xmlchars@^2.2.0":
  "integrity" "sha512-JZnDKK8B0RCDw84FNdDAIpZK+JuJw+s7Lz8nksI7SIuU3UXJJslUthsi+uWBUYOwPFwW7W7PRLRfUKpxjtjFCw=="
  "resolved" "https://registry.npmjs.org/xmlchars/-/xmlchars-2.2.0.tgz"
  "version" "2.2.0"
